
Microsoft Visual Studio Solution File, Format Version 12.00
# Visual Studio Version 16
VisualStudioVersion = 16.0.29613.14
MinimumVisualStudioVersion = 10.0.40219.1
Project("{9A19103F-16F7-4668-BE54-9A1E7A4F7556}") = "BugTrackerUI", "BugTrackerUI\BugTrackerUI.csproj", "{AF3F0598-68B4-4820-AAE0-CDF20CF366D9}"
EndProject
Project("{00D1A9C2-B5F0-4AF3-8072-F6C62B433612}") = "BugTracker.Data", "BugTracker.Data\BugTracker.Data.sqlproj", "{5C3AC6DC-1F26-4DDE-874A-3591ACDDB886}"
EndProject
Project("{9A19103F-16F7-4668-BE54-9A1E7A4F7556}") = "BugTrackeData.Library", "BugTrackeData.Library\BugTrackeData.Library.csproj", "{42CD1A2F-CC4E-4928-8A1B-AEF874957D5B}"
EndProject
Project("{FAE04EC0-301F-11D3-BF4B-00C04F79EFBC}") = "BugTrackerApi", "BugTrackerApi\BugTrackerApi.csproj", "{7FF4BCD5-C4E6-4BE5-AB6C-8D2E218E80CD}"
EndProject
Global
	GlobalSection(SolutionConfigurationPlatforms) = preSolution
		Debug|Any CPU = Debug|Any CPU
		Release|Any CPU = Release|Any CPU
	EndGlobalSection
	GlobalSection(ProjectConfigurationPlatforms) = postSolution
		{AF3F0598-68B4-4820-AAE0-CDF20CF366D9}.Debug|Any CPU.ActiveCfg = Debug|Any CPU
		{AF3F0598-68B4-4820-AAE0-CDF20CF366D9}.Debug|Any CPU.Build.0 = Debug|Any CPU
		{AF3F0598-68B4-4820-AAE0-CDF20CF366D9}.Release|Any CPU.ActiveCfg = Release|Any CPU
		{AF3F0598-68B4-4820-AAE0-CDF20CF366D9}.Release|Any CPU.Build.0 = Release|Any CPU
		{5C3AC6DC-1F26-4DDE-874A-3591ACDDB886}.Debug|Any CPU.ActiveCfg = Debug|Any CPU
		{5C3AC6DC-1F26-4DDE-874A-3591ACDDB886}.Debug|Any CPU.Build.0 = Debug|Any CPU
		{5C3AC6DC-1F26-4DDE-874A-3591ACDDB886}.Debug|Any CPU.Deploy.0 = Debug|Any CPU
		{5C3AC6DC-1F26-4DDE-874A-3591ACDDB886}.Release|Any CPU.ActiveCfg = Release|Any CPU
		{5C3AC6DC-1F26-4DDE-874A-3591ACDDB886}.Release|Any CPU.Build.0 = Release|Any CPU
		{5C3AC6DC-1F26-4DDE-874A-3591ACDDB886}.Release|Any CPU.Deploy.0 = Release|Any CPU
		{42CD1A2F-CC4E-4928-8A1B-AEF874957D5B}.Debug|Any CPU.ActiveCfg = Debug|Any CPU
		{42CD1A2F-CC4E-4928-8A1B-AEF874957D5B}.Debug|Any CPU.Build.0 = Debug|Any CPU
		{42CD1A2F-CC4E-4928-8A1B-AEF874957D5B}.Release|Any CPU.ActiveCfg = Release|Any CPU
		{42CD1A2F-CC4E-4928-8A1B-AEF874957D5B}.Release|Any CPU.Build.0 = Release|Any CPU
		{7FF4BCD5-C4E6-4BE5-AB6C-8D2E218E80CD}.Debug|Any CPU.ActiveCfg = Debug|Any CPU
		{7FF4BCD5-C4E6-4BE5-AB6C-8D2E218E80CD}.Debug|Any CPU.Build.0 = Debug|Any CPU
		{7FF4BCD5-C4E6-4BE5-AB6C-8D2E218E80CD}.Release|Any CPU.ActiveCfg = Release|Any CPU
		{7FF4BCD5-C4E6-4BE5-AB6C-8D2E218E80CD}.Release|Any CPU.Build.0 = Release|Any CPU
	EndGlobalSection
	GlobalSection(SolutionProperties) = preSolution
		HideSolutionNode = FALSE
	EndGlobalSection
	GlobalSection(ExtensibilityGlobals) = postSolution
		SolutionGuid = {BCFE19AC-F548-4E0D-AD7D-A3E8877BDAD9}
	EndGlobalSection
EndGlobal
